<?xml version="1.0" encoding="UTF-8"?>
<CONFIG>
  <ProjectOptions>
    <Version Value="12"/>
    <General>
      <Flags>
        <MainUnitHasCreateFormStatements Value="False"/>
        <MainUnitHasTitleStatement Value="False"/>
        <MainUnitHasScaledStatement Value="False"/>
        <CompatibilityMode Value="True"/>
      </Flags>
      <SessionStorage Value="InProjectDir"/>
      <Title Value="Project1"/>
      <UseAppBundle Value="False"/>
      <ResourceType Value="res"/>
    </General>
    <BuildModes Count="1">
      <Item1 Name="Default" Default="True"/>
    </BuildModes>
    <PublishOptions>
      <Version Value="2"/>
    </PublishOptions>
    <RunParams>
      <local>
        <LaunchingApplication Use="True" PathPlusParams="/home/tux/Programme/arduino-1.8.5/hardware/tools/avr/bin/avrdude -C/home/tux/Programme/arduino-1.8.5/hardware/tools/avr/etc/avrdude.conf -v -patmega328p -carduino -P/dev/ttyUSB0 -b57600 -D -Uflash:w:Project1.hex:i"/>
      </local>
      <FormatVersion Value="2"/>
      <Modes Count="1">
        <Mode0 Name="default">
          <local>
            <LaunchingApplication Use="True" PathPlusParams="/home/tux/Programme/arduino-1.8.5/hardware/tools/avr/bin/avrdude -C/home/tux/Programme/arduino-1.8.5/hardware/tools/avr/etc/avrdude.conf -v -patmega328p -carduino -P/dev/ttyUSB0 -b57600 -D -Uflash:w:Project1.hex:i"/>
          </local>
        </Mode0>
      </Modes>
    </RunParams>
    <Units Count="1">
      <Unit0>
        <Filename Value="Project1.pas"/>
        <IsPartOfProject Value="True"/>
      </Unit0>
    </Units>
  </ProjectOptions>
  <CompilerOptions>
    <Version Value="11"/>
    <Target>
      <Filename Value="Project1"/>
    </Target>
    <SearchPaths>
      <IncludeFiles Value="$(ProjOutDir)"/>
      <UnitOutputDirectory Value="/tmp"/>
    </SearchPaths>
    <CodeGeneration>
      <TargetProcessor Value="AVR25"/>
      <TargetCPU Value="avr"/>
      <TargetOS Value="embedded"/>
    </CodeGeneration>
    <Linking>
      <Debugging>
        <GenerateDebugInfo Value="False"/>
      </Debugging>
    </Linking>
    <Other>
      <CustomOptions Value="-WpATTINY2313A
-al"/>
      <ExecuteAfter>
        <Command Value="avrdude -v -pattiny2313 -cusbasp -Uflash:w:Project1.hex:i "/>
        <CompileReasons Compile="False" Build="False"/>
      </ExecuteAfter>
    </Other>
  </CompilerOptions>
  <Debugging>
    <Exceptions Count="3">
      <Item1>
        <Name Value="EAbort"/>
      </Item1>
      <Item2>
        <Name Value="ECodetoolError"/>
      </Item2>
      <Item3>
        <Name Value="EFOpenError"/>
      </Item3>
    </Exceptions>
  </Debugging>
</CONFIG>
